// !$*UTF8*$!
{
	archiveVersion = 1;
	classes = {
	};
	objectVersion = 56;
	objects = {

/* Begin PBXBuildFile section */
		/* Main App Files */
		APP001 /* CasperVPNApp.swift in Sources */ = {isa = PBXBuildFile; fileRef = SRC001; };
		APP002 /* AppDelegate.swift in Sources */ = {isa = PBXBuildFile; fileRef = SRC002; };
		APP003 /* Config.swift in Sources */ = {isa = PBXBuildFile; fileRef = SRC003; };
		APP004 /* AppCoordinator.swift in Sources */ = {isa = PBXBuildFile; fileRef = SRC004; };
		
		/* Core Models */
		MOD001 /* User.swift in Sources */ = {isa = PBXBuildFile; fileRef = SRC010; };
		MOD002 /* VPNServer.swift in Sources */ = {isa = PBXBuildFile; fileRef = SRC011; };
		MOD003 /* VPNConfig.swift in Sources */ = {isa = PBXBuildFile; fileRef = SRC012; };
		MOD004 /* Subscription.swift in Sources */ = {isa = PBXBuildFile; fileRef = SRC013; };
		MOD005 /* VPNError.swift in Sources */ = {isa = PBXBuildFile; fileRef = SRC014; };
		MOD006 /* ConnectionState.swift in Sources */ = {isa = PBXBuildFile; fileRef = SRC015; };
		
		/* Core Services */
		SVC001 /* APIClient.swift in Sources */ = {isa = PBXBuildFile; fileRef = SRC020; };
		SVC002 /* AuthService.swift in Sources */ = {isa = PBXBuildFile; fileRef = SRC021; };
		SVC003 /* KeychainService.swift in Sources */ = {isa = PBXBuildFile; fileRef = SRC022; };
		SVC004 /* ServerService.swift in Sources */ = {isa = PBXBuildFile; fileRef = SRC023; };
		SVC005 /* WireGuardManager.swift in Sources */ = {isa = PBXBuildFile; fileRef = SRC024; };
		SVC006 /* VPNConnectionManager.swift in Sources */ = {isa = PBXBuildFile; fileRef = SRC025; };
		SVC007 /* KillSwitchManager.swift in Sources */ = {isa = PBXBuildFile; fileRef = SRC026; };
		SVC008 /* NetworkMonitor.swift in Sources */ = {isa = PBXBuildFile; fileRef = SRC027; };
		SVC009 /* ConnectionLogger.swift in Sources */ = {isa = PBXBuildFile; fileRef = SRC028; };
		
		/* Core Protocols */
		PRT001 /* ServiceProtocols.swift in Sources */ = {isa = PBXBuildFile; fileRef = SRC030; };
		PRT002 /* ViewModelProtocol.swift in Sources */ = {isa = PBXBuildFile; fileRef = SRC031; };
		
		/* Features - Auth */
		FTA001 /* AuthViewModel.swift in Sources */ = {isa = PBXBuildFile; fileRef = SRC040; };
		FTA002 /* LoginView.swift in Sources */ = {isa = PBXBuildFile; fileRef = SRC041; };
		
		/* Features - Connection */
		FTC001 /* ConnectionViewModel.swift in Sources */ = {isa = PBXBuildFile; fileRef = SRC050; };
		FTC002 /* ConnectionView.swift in Sources */ = {isa = PBXBuildFile; fileRef = SRC051; };
		
		/* Features - ServerList */
		FTS001 /* ServerListViewModel.swift in Sources */ = {isa = PBXBuildFile; fileRef = SRC060; };
		FTS002 /* ServerListView.swift in Sources */ = {isa = PBXBuildFile; fileRef = SRC061; };
		
		/* Features - Settings */
		FTST001 /* SettingsViewModel.swift in Sources */ = {isa = PBXBuildFile; fileRef = SRC070; };
		FTST002 /* SettingsView.swift in Sources */ = {isa = PBXBuildFile; fileRef = SRC071; };
		
		/* UI */
		UI001 /* Theme.swift in Sources */ = {isa = PBXBuildFile; fileRef = SRC080; };
		
		/* Tunnel Extension */
		TNL001 /* PacketTunnelProvider.swift in Sources */ = {isa = PBXBuildFile; fileRef = SRC090; };
		TNL002 /* TunnelConfiguration.swift in Sources */ = {isa = PBXBuildFile; fileRef = SRC091; };
		
		/* Frameworks */
		FRW001 /* NetworkExtension.framework in Frameworks */ = {isa = PBXBuildFile; fileRef = FRM001; };
		FRW002 /* CryptoKit.framework in Frameworks */ = {isa = PBXBuildFile; fileRef = FRM002; };
		FRW003 /* Network.framework in Frameworks */ = {isa = PBXBuildFile; fileRef = FRM003; };
		FRW004 /* NetworkExtension.framework in Frameworks */ = {isa = PBXBuildFile; fileRef = FRM001; };
		
		/* Tunnel Extension Embed */
		EMB001 /* CasperVPNTunnel.appex in Embed Foundation Extensions */ = {isa = PBXBuildFile; fileRef = PRD002; settings = {ATTRIBUTES = (RemoveHeadersOnCopy, ); }; };
/* End PBXBuildFile section */

/* Begin PBXContainerItemProxy section */
		PRX001 /* PBXContainerItemProxy */ = {
			isa = PBXContainerItemProxy;
			containerPortal = PRJ001;
			proxyType = 1;
			remoteGlobalIDString = TGT002;
			remoteInfo = CasperVPNTunnel;
		};
/* End PBXContainerItemProxy section */

/* Begin PBXCopyFilesBuildPhase section */
		CPY001 /* Embed Foundation Extensions */ = {
			isa = PBXCopyFilesBuildPhase;
			buildActionMask = 2147483647;
			dstPath = "";
			dstSubfolderSpec = 13;
			files = (
				EMB001 /* CasperVPNTunnel.appex in Embed Foundation Extensions */,
			);
			name = "Embed Foundation Extensions";
			runOnlyForDeploymentPostprocessing = 0;
		};
/* End PBXCopyFilesBuildPhase section */

/* Begin PBXFileReference section */
		/* Products */
		PRD001 /* CasperVPN.app */ = {isa = PBXFileReference; explicitFileType = wrapper.application; includeInIndex = 0; path = CasperVPN.app; sourceTree = BUILT_PRODUCTS_DIR; };
		PRD002 /* CasperVPNTunnel.appex */ = {isa = PBXFileReference; explicitFileType = "wrapper.app-extension"; includeInIndex = 0; path = CasperVPNTunnel.appex; sourceTree = BUILT_PRODUCTS_DIR; };
		
		/* Frameworks */
		FRM001 /* NetworkExtension.framework */ = {isa = PBXFileReference; lastKnownFileType = wrapper.framework; name = NetworkExtension.framework; path = System/Library/Frameworks/NetworkExtension.framework; sourceTree = SDKROOT; };
		FRM002 /* CryptoKit.framework */ = {isa = PBXFileReference; lastKnownFileType = wrapper.framework; name = CryptoKit.framework; path = System/Library/Frameworks/CryptoKit.framework; sourceTree = SDKROOT; };
		FRM003 /* Network.framework */ = {isa = PBXFileReference; lastKnownFileType = wrapper.framework; name = Network.framework; path = System/Library/Frameworks/Network.framework; sourceTree = SDKROOT; };
		
		/* Source Files - App */
		SRC001 /* CasperVPNApp.swift */ = {isa = PBXFileReference; lastKnownFileType = sourcecode.swift; path = CasperVPNApp.swift; sourceTree = "<group>"; };
		SRC002 /* AppDelegate.swift */ = {isa = PBXFileReference; lastKnownFileType = sourcecode.swift; path = AppDelegate.swift; sourceTree = "<group>"; };
		SRC003 /* Config.swift */ = {isa = PBXFileReference; lastKnownFileType = sourcecode.swift; path = Config.swift; sourceTree = "<group>"; };
		SRC004 /* AppCoordinator.swift */ = {isa = PBXFileReference; lastKnownFileType = sourcecode.swift; path = AppCoordinator.swift; sourceTree = "<group>"; };
		
		/* Source Files - Models */
		SRC010 /* User.swift */ = {isa = PBXFileReference; lastKnownFileType = sourcecode.swift; path = User.swift; sourceTree = "<group>"; };
		SRC011 /* VPNServer.swift */ = {isa = PBXFileReference; lastKnownFileType = sourcecode.swift; path = VPNServer.swift; sourceTree = "<group>"; };
		SRC012 /* VPNConfig.swift */ = {isa = PBXFileReference; lastKnownFileType = sourcecode.swift; path = VPNConfig.swift; sourceTree = "<group>"; };
		SRC013 /* Subscription.swift */ = {isa = PBXFileReference; lastKnownFileType = sourcecode.swift; path = Subscription.swift; sourceTree = "<group>"; };
		SRC014 /* VPNError.swift */ = {isa = PBXFileReference; lastKnownFileType = sourcecode.swift; path = VPNError.swift; sourceTree = "<group>"; };
		SRC015 /* ConnectionState.swift */ = {isa = PBXFileReference; lastKnownFileType = sourcecode.swift; path = ConnectionState.swift; sourceTree = "<group>"; };
		
		/* Source Files - Services */
		SRC020 /* APIClient.swift */ = {isa = PBXFileReference; lastKnownFileType = sourcecode.swift; path = APIClient.swift; sourceTree = "<group>"; };
		SRC021 /* AuthService.swift */ = {isa = PBXFileReference; lastKnownFileType = sourcecode.swift; path = AuthService.swift; sourceTree = "<group>"; };
		SRC022 /* KeychainService.swift */ = {isa = PBXFileReference; lastKnownFileType = sourcecode.swift; path = KeychainService.swift; sourceTree = "<group>"; };
		SRC023 /* ServerService.swift */ = {isa = PBXFileReference; lastKnownFileType = sourcecode.swift; path = ServerService.swift; sourceTree = "<group>"; };
		SRC024 /* WireGuardManager.swift */ = {isa = PBXFileReference; lastKnownFileType = sourcecode.swift; path = WireGuardManager.swift; sourceTree = "<group>"; };
		SRC025 /* VPNConnectionManager.swift */ = {isa = PBXFileReference; lastKnownFileType = sourcecode.swift; path = VPNConnectionManager.swift; sourceTree = "<group>"; };
		SRC026 /* KillSwitchManager.swift */ = {isa = PBXFileReference; lastKnownFileType = sourcecode.swift; path = KillSwitchManager.swift; sourceTree = "<group>"; };
		SRC027 /* NetworkMonitor.swift */ = {isa = PBXFileReference; lastKnownFileType = sourcecode.swift; path = NetworkMonitor.swift; sourceTree = "<group>"; };
		SRC028 /* ConnectionLogger.swift */ = {isa = PBXFileReference; lastKnownFileType = sourcecode.swift; path = ConnectionLogger.swift; sourceTree = "<group>"; };
		
		/* Source Files - Protocols */
		SRC030 /* ServiceProtocols.swift */ = {isa = PBXFileReference; lastKnownFileType = sourcecode.swift; path = ServiceProtocols.swift; sourceTree = "<group>"; };
		SRC031 /* ViewModelProtocol.swift */ = {isa = PBXFileReference; lastKnownFileType = sourcecode.swift; path = ViewModelProtocol.swift; sourceTree = "<group>"; };
		
		/* Source Files - Features */
		SRC040 /* AuthViewModel.swift */ = {isa = PBXFileReference; lastKnownFileType = sourcecode.swift; path = AuthViewModel.swift; sourceTree = "<group>"; };
		SRC041 /* LoginView.swift */ = {isa = PBXFileReference; lastKnownFileType = sourcecode.swift; path = LoginView.swift; sourceTree = "<group>"; };
		SRC050 /* ConnectionViewModel.swift */ = {isa = PBXFileReference; lastKnownFileType = sourcecode.swift; path = ConnectionViewModel.swift; sourceTree = "<group>"; };
		SRC051 /* ConnectionView.swift */ = {isa = PBXFileReference; lastKnownFileType = sourcecode.swift; path = ConnectionView.swift; sourceTree = "<group>"; };
		SRC060 /* ServerListViewModel.swift */ = {isa = PBXFileReference; lastKnownFileType = sourcecode.swift; path = ServerListViewModel.swift; sourceTree = "<group>"; };
		SRC061 /* ServerListView.swift */ = {isa = PBXFileReference; lastKnownFileType = sourcecode.swift; path = ServerListView.swift; sourceTree = "<group>"; };
		SRC070 /* SettingsViewModel.swift */ = {isa = PBXFileReference; lastKnownFileType = sourcecode.swift; path = SettingsViewModel.swift; sourceTree = "<group>"; };
		SRC071 /* SettingsView.swift */ = {isa = PBXFileReference; lastKnownFileType = sourcecode.swift; path = SettingsView.swift; sourceTree = "<group>"; };
		
		/* Source Files - UI */
		SRC080 /* Theme.swift */ = {isa = PBXFileReference; lastKnownFileType = sourcecode.swift; path = Theme.swift; sourceTree = "<group>"; };
		
		/* Source Files - Tunnel */
		SRC090 /* PacketTunnelProvider.swift */ = {isa = PBXFileReference; lastKnownFileType = sourcecode.swift; path = PacketTunnelProvider.swift; sourceTree = "<group>"; };
		SRC091 /* TunnelConfiguration.swift */ = {isa = PBXFileReference; lastKnownFileType = sourcecode.swift; path = TunnelConfiguration.swift; sourceTree = "<group>"; };
		
		/* Config Files */
		CFG001 /* Info.plist */ = {isa = PBXFileReference; lastKnownFileType = text.plist.xml; path = Info.plist; sourceTree = "<group>"; };
		CFG002 /* CasperVPN.entitlements */ = {isa = PBXFileReference; lastKnownFileType = text.plist.entitlements; path = CasperVPN.entitlements; sourceTree = "<group>"; };
		CFG003 /* Info.plist */ = {isa = PBXFileReference; lastKnownFileType = text.plist.xml; path = Info.plist; sourceTree = "<group>"; };
		CFG004 /* CasperVPNTunnel.entitlements */ = {isa = PBXFileReference; lastKnownFileType = text.plist.entitlements; path = CasperVPNTunnel.entitlements; sourceTree = "<group>"; };
/* End PBXFileReference section */

/* Begin PBXFrameworksBuildPhase section */
		FBP001 /* Frameworks */ = {
			isa = PBXFrameworksBuildPhase;
			buildActionMask = 2147483647;
			files = (
				FRW001 /* NetworkExtension.framework in Frameworks */,
				FRW002 /* CryptoKit.framework in Frameworks */,
				FRW003 /* Network.framework in Frameworks */,
			);
			runOnlyForDeploymentPostprocessing = 0;
		};
		FBP002 /* Frameworks */ = {
			isa = PBXFrameworksBuildPhase;
			buildActionMask = 2147483647;
			files = (
				FRW004 /* NetworkExtension.framework in Frameworks */,
			);
			runOnlyForDeploymentPostprocessing = 0;
		};
/* End PBXFrameworksBuildPhase section */

/* Begin PBXGroup section */
		GRP001 = {
			isa = PBXGroup;
			children = (
				GRP002 /* CasperVPN */,
				GRP020 /* CasperVPNTunnel */,
				GRP030 /* Frameworks */,
				GRP040 /* Products */,
			);
			sourceTree = "<group>";
		};
		GRP002 /* CasperVPN */ = {
			isa = PBXGroup;
			children = (
				GRP003 /* App */,
				GRP004 /* Core */,
				GRP010 /* Features */,
				GRP015 /* UI */,
				CFG001 /* Info.plist */,
				CFG002 /* CasperVPN.entitlements */,
			);
			path = CasperVPN;
			sourceTree = "<group>";
		};
		GRP003 /* App */ = {
			isa = PBXGroup;
			children = (
				SRC001 /* CasperVPNApp.swift */,
				SRC002 /* AppDelegate.swift */,
				SRC003 /* Config.swift */,
				SRC004 /* AppCoordinator.swift */,
			);
			path = App;
			sourceTree = "<group>";
		};
		GRP004 /* Core */ = {
			isa = PBXGroup;
			children = (
				GRP005 /* Models */,
				GRP006 /* Services */,
				GRP007 /* Protocols */,
				GRP008 /* Extensions */,
			);
			path = Core;
			sourceTree = "<group>";
		};
		GRP005 /* Models */ = {
			isa = PBXGroup;
			children = (
				SRC010 /* User.swift */,
				SRC011 /* VPNServer.swift */,
				SRC012 /* VPNConfig.swift */,
				SRC013 /* Subscription.swift */,
				SRC014 /* VPNError.swift */,
				SRC015 /* ConnectionState.swift */,
			);
			path = Models;
			sourceTree = "<group>";
		};
		GRP006 /* Services */ = {
			isa = PBXGroup;
			children = (
				SRC020 /* APIClient.swift */,
				SRC021 /* AuthService.swift */,
				SRC022 /* KeychainService.swift */,
				SRC023 /* ServerService.swift */,
				SRC024 /* WireGuardManager.swift */,
				SRC025 /* VPNConnectionManager.swift */,
				SRC026 /* KillSwitchManager.swift */,
				SRC027 /* NetworkMonitor.swift */,
				SRC028 /* ConnectionLogger.swift */,
			);
			path = Services;
			sourceTree = "<group>";
		};
		GRP007 /* Protocols */ = {
			isa = PBXGroup;
			children = (
				SRC030 /* ServiceProtocols.swift */,
				SRC031 /* ViewModelProtocol.swift */,
			);
			path = Protocols;
			sourceTree = "<group>";
		};
		GRP008 /* Extensions */ = {
			isa = PBXGroup;
			children = (
			);
			path = Extensions;
			sourceTree = "<group>";
		};
		GRP010 /* Features */ = {
			isa = PBXGroup;
			children = (
				GRP011 /* Auth */,
				GRP012 /* Connection */,
				GRP013 /* ServerList */,
				GRP014 /* Settings */,
			);
			path = Features;
			sourceTree = "<group>";
		};
		GRP011 /* Auth */ = {
			isa = PBXGroup;
			children = (
				SRC040 /* AuthViewModel.swift */,
				SRC041 /* LoginView.swift */,
			);
			path = Auth;
			sourceTree = "<group>";
		};
		GRP012 /* Connection */ = {
			isa = PBXGroup;
			children = (
				SRC050 /* ConnectionViewModel.swift */,
				SRC051 /* ConnectionView.swift */,
			);
			path = Connection;
			sourceTree = "<group>";
		};
		GRP013 /* ServerList */ = {
			isa = PBXGroup;
			children = (
				SRC060 /* ServerListViewModel.swift */,
				SRC061 /* ServerListView.swift */,
			);
			path = ServerList;
			sourceTree = "<group>";
		};
		GRP014 /* Settings */ = {
			isa = PBXGroup;
			children = (
				SRC070 /* SettingsViewModel.swift */,
				SRC071 /* SettingsView.swift */,
			);
			path = Settings;
			sourceTree = "<group>";
		};
		GRP015 /* UI */ = {
			isa = PBXGroup;
			children = (
				GRP016 /* Components */,
				GRP017 /* Theme */,
			);
			path = UI;
			sourceTree = "<group>";
		};
		GRP016 /* Components */ = {
			isa = PBXGroup;
			children = (
			);
			path = Components;
			sourceTree = "<group>";
		};
		GRP017 /* Theme */ = {
			isa = PBXGroup;
			children = (
				SRC080 /* Theme.swift */,
			);
			path = Theme;
			sourceTree = "<group>";
		};
		GRP020 /* CasperVPNTunnel */ = {
			isa = PBXGroup;
			children = (
				SRC090 /* PacketTunnelProvider.swift */,
				SRC091 /* TunnelConfiguration.swift */,
				CFG003 /* Info.plist */,
				CFG004 /* CasperVPNTunnel.entitlements */,
			);
			path = CasperVPNTunnel;
			sourceTree = "<group>";
		};
		GRP030 /* Frameworks */ = {
			isa = PBXGroup;
			children = (
				FRM001 /* NetworkExtension.framework */,
				FRM002 /* CryptoKit.framework */,
				FRM003 /* Network.framework */,
			);
			name = Frameworks;
			sourceTree = "<group>";
		};
		GRP040 /* Products */ = {
			isa = PBXGroup;
			children = (
				PRD001 /* CasperVPN.app */,
				PRD002 /* CasperVPNTunnel.appex */,
			);
			name = Products;
			sourceTree = "<group>";
		};
/* End PBXGroup section */

/* Begin PBXNativeTarget section */
		TGT001 /* CasperVPN */ = {
			isa = PBXNativeTarget;
			buildConfigurationList = BCL001;
			buildPhases = (
				SBP001 /* Sources */,
				FBP001 /* Frameworks */,
				RBP001 /* Resources */,
				CPY001 /* Embed Foundation Extensions */,
			);
			buildRules = (
			);
			dependencies = (
				DEP001 /* PBXTargetDependency */,
			);
			name = CasperVPN;
			packageProductDependencies = (
			);
			productName = CasperVPN;
			productReference = PRD001 /* CasperVPN.app */;
			productType = "com.apple.product-type.application";
		};
		TGT002 /* CasperVPNTunnel */ = {
			isa = PBXNativeTarget;
			buildConfigurationList = BCL002;
			buildPhases = (
				SBP002 /* Sources */,
				FBP002 /* Frameworks */,
				RBP002 /* Resources */,
			);
			buildRules = (
			);
			dependencies = (
			);
			name = CasperVPNTunnel;
			productName = CasperVPNTunnel;
			productReference = PRD002 /* CasperVPNTunnel.appex */;
			productType = "com.apple.product-type.app-extension";
		};
/* End PBXNativeTarget section */

/* Begin PBXProject section */
		PRJ001 /* Project object */ = {
			isa = PBXProject;
			attributes = {
				BuildIndependentTargetsInParallel = 1;
				LastSwiftUpdateCheck = 1500;
				LastUpgradeCheck = 1500;
				TargetAttributes = {
					TGT001 = {
						CreatedOnToolsVersion = 15.0;
					};
					TGT002 = {
						CreatedOnToolsVersion = 15.0;
					};
				};
			};
			buildConfigurationList = BCL003;
			compatibilityVersion = "Xcode 14.0";
			developmentRegion = en;
			hasScannedForEncodings = 0;
			knownRegions = (
				en,
				Base,
			);
			mainGroup = GRP001;
			packageReferences = (
			);
			productRefGroup = GRP040 /* Products */;
			projectDirPath = "";
			projectRoot = "";
			targets = (
				TGT001 /* CasperVPN */,
				TGT002 /* CasperVPNTunnel */,
			);
		};
/* End PBXProject section */

/* Begin PBXResourcesBuildPhase section */
		RBP001 /* Resources */ = {
			isa = PBXResourcesBuildPhase;
			buildActionMask = 2147483647;
			files = (
			);
			runOnlyForDeploymentPostprocessing = 0;
		};
		RBP002 /* Resources */ = {
			isa = PBXResourcesBuildPhase;
			buildActionMask = 2147483647;
			files = (
			);
			runOnlyForDeploymentPostprocessing = 0;
		};
/* End PBXResourcesBuildPhase section */

/* Begin PBXSourcesBuildPhase section */
		SBP001 /* Sources */ = {
			isa = PBXSourcesBuildPhase;
			buildActionMask = 2147483647;
			files = (
				APP001 /* CasperVPNApp.swift in Sources */,
				APP002 /* AppDelegate.swift in Sources */,
				APP003 /* Config.swift in Sources */,
				APP004 /* AppCoordinator.swift in Sources */,
				MOD001 /* User.swift in Sources */,
				MOD002 /* VPNServer.swift in Sources */,
				MOD003 /* VPNConfig.swift in Sources */,
				MOD004 /* Subscription.swift in Sources */,
				MOD005 /* VPNError.swift in Sources */,
				MOD006 /* ConnectionState.swift in Sources */,
				SVC001 /* APIClient.swift in Sources */,
				SVC002 /* AuthService.swift in Sources */,
				SVC003 /* KeychainService.swift in Sources */,
				SVC004 /* ServerService.swift in Sources */,
				SVC005 /* WireGuardManager.swift in Sources */,
				SVC006 /* VPNConnectionManager.swift in Sources */,
				SVC007 /* KillSwitchManager.swift in Sources */,
				SVC008 /* NetworkMonitor.swift in Sources */,
				SVC009 /* ConnectionLogger.swift in Sources */,
				PRT001 /* ServiceProtocols.swift in Sources */,
				PRT002 /* ViewModelProtocol.swift in Sources */,
				FTA001 /* AuthViewModel.swift in Sources */,
				FTA002 /* LoginView.swift in Sources */,
				FTC001 /* ConnectionViewModel.swift in Sources */,
				FTC002 /* ConnectionView.swift in Sources */,
				FTS001 /* ServerListViewModel.swift in Sources */,
				FTS002 /* ServerListView.swift in Sources */,
				FTST001 /* SettingsViewModel.swift in Sources */,
				FTST002 /* SettingsView.swift in Sources */,
				UI001 /* Theme.swift in Sources */,
			);
			runOnlyForDeploymentPostprocessing = 0;
		};
		SBP002 /* Sources */ = {
			isa = PBXSourcesBuildPhase;
			buildActionMask = 2147483647;
			files = (
				TNL001 /* PacketTunnelProvider.swift in Sources */,
				TNL002 /* TunnelConfiguration.swift in Sources */,
			);
			runOnlyForDeploymentPostprocessing = 0;
		};
/* End PBXSourcesBuildPhase section */

/* Begin PBXTargetDependency section */
		DEP001 /* PBXTargetDependency */ = {
			isa = PBXTargetDependency;
			target = TGT002 /* CasperVPNTunnel */;
			targetProxy = PRX001 /* PBXContainerItemProxy */;
		};
/* End PBXTargetDependency section */

/* Begin XCBuildConfiguration section */
		/* Debug - Main App */
		CFG_APP_DBG /* Debug */ = {
			isa = XCBuildConfiguration;
			buildSettings = {
				ASSETCATALOG_COMPILER_APPICON_NAME = AppIcon;
				CODE_SIGN_ENTITLEMENTS = CasperVPN/CasperVPN.entitlements;
				CODE_SIGN_STYLE = Automatic;
				CURRENT_PROJECT_VERSION = 1;
				DEVELOPMENT_TEAM = "";
				GENERATE_INFOPLIST_FILE = YES;
				INFOPLIST_FILE = CasperVPN/Info.plist;
				INFOPLIST_KEY_UIApplicationSceneManifest_Generation = YES;
				INFOPLIST_KEY_UIApplicationSupportsIndirectInputEvents = YES;
				INFOPLIST_KEY_UILaunchScreen_Generation = YES;
				INFOPLIST_KEY_UISupportedInterfaceOrientations_iPad = "UIInterfaceOrientationPortrait UIInterfaceOrientationPortraitUpsideDown UIInterfaceOrientationLandscapeLeft UIInterfaceOrientationLandscapeRight";
				INFOPLIST_KEY_UISupportedInterfaceOrientations_iPhone = "UIInterfaceOrientationPortrait UIInterfaceOrientationLandscapeLeft UIInterfaceOrientationLandscapeRight";
				LD_RUNPATH_SEARCH_PATHS = (
					"$(inherited)",
					"@executable_path/Frameworks",
				);
				MARKETING_VERSION = 1.0;
				PRODUCT_BUNDLE_IDENTIFIER = com.caspervpn.app;
				PRODUCT_NAME = "$(TARGET_NAME)";
				SWIFT_EMIT_LOC_STRINGS = YES;
				SWIFT_VERSION = 5.0;
				TARGETED_DEVICE_FAMILY = "1,2";
				ALWAYS_EMBED_SWIFT_STANDARD_LIBRARIES = YES;
			};
			name = Debug;
		};
		/* Release - Main App */
		CFG_APP_REL /* Release */ = {
			isa = XCBuildConfiguration;
			buildSettings = {
				ASSETCATALOG_COMPILER_APPICON_NAME = AppIcon;
				CODE_SIGN_ENTITLEMENTS = CasperVPN/CasperVPN.entitlements;
				CODE_SIGN_STYLE = Automatic;
				CURRENT_PROJECT_VERSION = 1;
				DEVELOPMENT_TEAM = "";
				GENERATE_INFOPLIST_FILE = YES;
				INFOPLIST_FILE = CasperVPN/Info.plist;
				INFOPLIST_KEY_UIApplicationSceneManifest_Generation = YES;
				INFOPLIST_KEY_UIApplicationSupportsIndirectInputEvents = YES;
				INFOPLIST_KEY_UILaunchScreen_Generation = YES;
				INFOPLIST_KEY_UISupportedInterfaceOrientations_iPad = "UIInterfaceOrientationPortrait UIInterfaceOrientationPortraitUpsideDown UIInterfaceOrientationLandscapeLeft UIInterfaceOrientationLandscapeRight";
				INFOPLIST_KEY_UISupportedInterfaceOrientations_iPhone = "UIInterfaceOrientationPortrait UIInterfaceOrientationLandscapeLeft UIInterfaceOrientationLandscapeRight";
				LD_RUNPATH_SEARCH_PATHS = (
					"$(inherited)",
					"@executable_path/Frameworks",
				);
				MARKETING_VERSION = 1.0;
				PRODUCT_BUNDLE_IDENTIFIER = com.caspervpn.app;
				PRODUCT_NAME = "$(TARGET_NAME)";
				SWIFT_EMIT_LOC_STRINGS = YES;
				SWIFT_VERSION = 5.0;
				TARGETED_DEVICE_FAMILY = "1,2";
				ALWAYS_EMBED_SWIFT_STANDARD_LIBRARIES = YES;
			};
			name = Release;
		};
		/* Debug - Tunnel Extension */
		CFG_TNL_DBG /* Debug */ = {
			isa = XCBuildConfiguration;
			buildSettings = {
				CODE_SIGN_ENTITLEMENTS = CasperVPNTunnel/CasperVPNTunnel.entitlements;
				CODE_SIGN_STYLE = Automatic;
				CURRENT_PROJECT_VERSION = 1;
				DEVELOPMENT_TEAM = "";
				GENERATE_INFOPLIST_FILE = YES;
				INFOPLIST_FILE = CasperVPNTunnel/Info.plist;
				INFOPLIST_KEY_CFBundleDisplayName = CasperVPNTunnel;
				INFOPLIST_KEY_NSHumanReadableCopyright = "";
				LD_RUNPATH_SEARCH_PATHS = (
					"$(inherited)",
					"@executable_path/Frameworks",
					"@executable_path/../../Frameworks",
				);
				MARKETING_VERSION = 1.0;
				PRODUCT_BUNDLE_IDENTIFIER = com.caspervpn.app.tunnel;
				PRODUCT_NAME = "$(TARGET_NAME)";
				SKIP_INSTALL = YES;
				SWIFT_EMIT_LOC_STRINGS = YES;
				SWIFT_VERSION = 5.0;
				TARGETED_DEVICE_FAMILY = "1,2";
			};
			name = Debug;
		};
		/* Release - Tunnel Extension */
		CFG_TNL_REL /* Release */ = {
			isa = XCBuildConfiguration;
			buildSettings = {
				CODE_SIGN_ENTITLEMENTS = CasperVPNTunnel/CasperVPNTunnel.entitlements;
				CODE_SIGN_STYLE = Automatic;
				CURRENT_PROJECT_VERSION = 1;
				DEVELOPMENT_TEAM = "";
				GENERATE_INFOPLIST_FILE = YES;
				INFOPLIST_FILE = CasperVPNTunnel/Info.plist;
				INFOPLIST_KEY_CFBundleDisplayName = CasperVPNTunnel;
				INFOPLIST_KEY_NSHumanReadableCopyright = "";
				LD_RUNPATH_SEARCH_PATHS = (
					"$(inherited)",
					"@executable_path/Frameworks",
					"@executable_path/../../Frameworks",
				);
				MARKETING_VERSION = 1.0;
				PRODUCT_BUNDLE_IDENTIFIER = com.caspervpn.app.tunnel;
				PRODUCT_NAME = "$(TARGET_NAME)";
				SKIP_INSTALL = YES;
				SWIFT_EMIT_LOC_STRINGS = YES;
				SWIFT_VERSION = 5.0;
				TARGETED_DEVICE_FAMILY = "1,2";
			};
			name = Release;
		};
		/* Debug - Project */
		CFG_PRJ_DBG /* Debug */ = {
			isa = XCBuildConfiguration;
			buildSettings = {
				ALWAYS_SEARCH_USER_PATHS = NO;
				ASSETCATALOG_COMPILER_GENERATE_SWIFT_ASSET_SYMBOL_EXTENSIONS = YES;
				CLANG_ANALYZER_NONNULL = YES;
				CLANG_ANALYZER_NUMBER_OBJECT_CONVERSION = YES_AGGRESSIVE;
				CLANG_CXX_LANGUAGE_STANDARD = "gnu++20";
				CLANG_ENABLE_MODULES = YES;
				CLANG_ENABLE_OBJC_ARC = YES;
				CLANG_ENABLE_OBJC_WEAK = YES;
				CLANG_WARN_BLOCK_CAPTURE_AUTORELEASING = YES;
				CLANG_WARN_BOOL_CONVERSION = YES;
				CLANG_WARN_COMMA = YES;
				CLANG_WARN_CONSTANT_CONVERSION = YES;
				CLANG_WARN_DEPRECATED_OBJC_IMPLEMENTATIONS = YES;
				CLANG_WARN_DIRECT_OBJC_ISA_USAGE = YES_ERROR;
				CLANG_WARN_DOCUMENTATION_COMMENTS = YES;
				CLANG_WARN_EMPTY_BODY = YES;
				CLANG_WARN_ENUM_CONVERSION = YES;
				CLANG_WARN_INFINITE_RECURSION = YES;
				CLANG_WARN_INT_CONVERSION = YES;
				CLANG_WARN_NON_LITERAL_NULL_CONVERSION = YES;
				CLANG_WARN_OBJC_IMPLICIT_RETAIN_SELF = YES;
				CLANG_WARN_OBJC_LITERAL_CONVERSION = YES;
				CLANG_WARN_OBJC_ROOT_CLASS = YES_ERROR;
				CLANG_WARN_QUOTED_INCLUDE_IN_FRAMEWORK_HEADER = YES;
				CLANG_WARN_RANGE_LOOP_ANALYSIS = YES;
				CLANG_WARN_STRICT_PROTOTYPES = YES;
				CLANG_WARN_SUSPICIOUS_MOVE = YES;
				CLANG_WARN_UNGUARDED_AVAILABILITY = YES_AGGRESSIVE;
				CLANG_WARN_UNREACHABLE_CODE = YES;
				CLANG_WARN__DUPLICATE_METHOD_MATCH = YES;
				COPY_PHASE_STRIP = NO;
				DEBUG_INFORMATION_FORMAT = dwarf;
				ENABLE_STRICT_OBJC_MSGSEND = YES;
				ENABLE_TESTABILITY = YES;
				ENABLE_USER_SCRIPT_SANDBOXING = YES;
				GCC_C_LANGUAGE_STANDARD = gnu17;
				GCC_DYNAMIC_NO_PIC = NO;
				GCC_NO_COMMON_BLOCKS = YES;
				GCC_OPTIMIZATION_LEVEL = 0;
				GCC_PREPROCESSOR_DEFINITIONS = (
					"DEBUG=1",
					"$(inherited)",
				);
				GCC_WARN_64_TO_32_BIT_CONVERSION = YES;
				GCC_WARN_ABOUT_RETURN_TYPE = YES_ERROR;
				GCC_WARN_UNDECLARED_SELECTOR = YES;
				GCC_WARN_UNINITIALIZED_AUTOS = YES_AGGRESSIVE;
				GCC_WARN_UNUSED_FUNCTION = YES;
				GCC_WARN_UNUSED_VARIABLE = YES;
				IPHONEOS_DEPLOYMENT_TARGET = 16.0;
				LOCALIZATION_PREFERS_STRING_CATALOGS = YES;
				MTL_ENABLE_DEBUG_INFO = INCLUDE_SOURCE;
				MTL_FAST_MATH = YES;
				ONLY_ACTIVE_ARCH = YES;
				SDKROOT = iphoneos;
				SWIFT_ACTIVE_COMPILATION_CONDITIONS = "DEBUG $(inherited)";
				SWIFT_OPTIMIZATION_LEVEL = "-Onone";
			};
			name = Debug;
		};
		/* Release - Project */
		CFG_PRJ_REL /* Release */ = {
			isa = XCBuildConfiguration;
			buildSettings = {
				ALWAYS_SEARCH_USER_PATHS = NO;
				ASSETCATALOG_COMPILER_GENERATE_SWIFT_ASSET_SYMBOL_EXTENSIONS = YES;
				CLANG_ANALYZER_NONNULL = YES;
				CLANG_ANALYZER_NUMBER_OBJECT_CONVERSION = YES_AGGRESSIVE;
				CLANG_CXX_LANGUAGE_STANDARD = "gnu++20";
				CLANG_ENABLE_MODULES = YES;
				CLANG_ENABLE_OBJC_ARC = YES;
				CLANG_ENABLE_OBJC_WEAK = YES;
				CLANG_WARN_BLOCK_CAPTURE_AUTORELEASING = YES;
				CLANG_WARN_BOOL_CONVERSION = YES;
				CLANG_WARN_COMMA = YES;
				CLANG_WARN_CONSTANT_CONVERSION = YES;
				CLANG_WARN_DEPRECATED_OBJC_IMPLEMENTATIONS = YES;
				CLANG_WARN_DIRECT_OBJC_ISA_USAGE = YES_ERROR;
				CLANG_WARN_DOCUMENTATION_COMMENTS = YES;
				CLANG_WARN_EMPTY_BODY = YES;
				CLANG_WARN_ENUM_CONVERSION = YES;
				CLANG_WARN_INFINITE_RECURSION = YES;
				CLANG_WARN_INT_CONVERSION = YES;
				CLANG_WARN_NON_LITERAL_NULL_CONVERSION = YES;
				CLANG_WARN_OBJC_IMPLICIT_RETAIN_SELF = YES;
				CLANG_WARN_OBJC_LITERAL_CONVERSION = YES;
				CLANG_WARN_OBJC_ROOT_CLASS = YES_ERROR;
				CLANG_WARN_QUOTED_INCLUDE_IN_FRAMEWORK_HEADER = YES;
				CLANG_WARN_RANGE_LOOP_ANALYSIS = YES;
				CLANG_WARN_STRICT_PROTOTYPES = YES;
				CLANG_WARN_SUSPICIOUS_MOVE = YES;
				CLANG_WARN_UNGUARDED_AVAILABILITY = YES_AGGRESSIVE;
				CLANG_WARN_UNREACHABLE_CODE = YES;
				CLANG_WARN__DUPLICATE_METHOD_MATCH = YES;
				COPY_PHASE_STRIP = NO;
				DEBUG_INFORMATION_FORMAT = "dwarf-with-dsym";
				ENABLE_NS_ASSERTIONS = NO;
				ENABLE_STRICT_OBJC_MSGSEND = YES;
				ENABLE_USER_SCRIPT_SANDBOXING = YES;
				GCC_C_LANGUAGE_STANDARD = gnu17;
				GCC_NO_COMMON_BLOCKS = YES;
				GCC_WARN_64_TO_32_BIT_CONVERSION = YES;
				GCC_WARN_ABOUT_RETURN_TYPE = YES_ERROR;
				GCC_WARN_UNDECLARED_SELECTOR = YES;
				GCC_WARN_UNINITIALIZED_AUTOS = YES_AGGRESSIVE;
				GCC_WARN_UNUSED_FUNCTION = YES;
				GCC_WARN_UNUSED_VARIABLE = YES;
				IPHONEOS_DEPLOYMENT_TARGET = 16.0;
				LOCALIZATION_PREFERS_STRING_CATALOGS = YES;
				MTL_ENABLE_DEBUG_INFO = NO;
				MTL_FAST_MATH = YES;
				SDKROOT = iphoneos;
				SWIFT_COMPILATION_MODE = wholemodule;
				VALIDATE_PRODUCT = YES;
			};
			name = Release;
		};
/* End XCBuildConfiguration section */

/* Begin XCConfigurationList section */
		BCL001 /* Build configuration list for PBXNativeTarget "CasperVPN" */ = {
			isa = XCConfigurationList;
			buildConfigurations = (
				CFG_APP_DBG /* Debug */,
				CFG_APP_REL /* Release */,
			);
			defaultConfigurationIsVisible = 0;
			defaultConfigurationName = Release;
		};
		BCL002 /* Build configuration list for PBXNativeTarget "CasperVPNTunnel" */ = {
			isa = XCConfigurationList;
			buildConfigurations = (
				CFG_TNL_DBG /* Debug */,
				CFG_TNL_REL /* Release */,
			);
			defaultConfigurationIsVisible = 0;
			defaultConfigurationName = Release;
		};
		BCL003 /* Build configuration list for PBXProject "CasperVPN" */ = {
			isa = XCConfigurationList;
			buildConfigurations = (
				CFG_PRJ_DBG /* Debug */,
				CFG_PRJ_REL /* Release */,
			);
			defaultConfigurationIsVisible = 0;
			defaultConfigurationName = Release;
		};
/* End XCConfigurationList section */
	};
	rootObject = PRJ001 /* Project object */;
}
